
Microsoft Visual Studio Solution File, Format Version 12.00
# Visual Studio 2013
VisualStudioVersion = 12.0.31101.0
MinimumVisualStudioVersion = 10.0.40219.1
Project("{FAE04EC0-301F-11D3-BF4B-00C04F79EFBC}") = "ToDoListProject", "ToDoListProject\ToDoListProject.csproj", "{2783019F-2F69-41DB-94EA-0F50B4807D76}"
EndProject
Project("{FAE04EC0-301F-11D3-BF4B-00C04F79EFBC}") = "TestsToDo", "TestsToDo\TestsToDo.csproj", "{378E816F-1C7F-4661-8CDC-9CC645A70AED}"
EndProject
Global
	GlobalSection(SolutionConfigurationPlatforms) = preSolution
		Debug|Any CPU = Debug|Any CPU
		Release|Any CPU = Release|Any CPU
	EndGlobalSection
	GlobalSection(ProjectConfigurationPlatforms) = postSolution
		{2783019F-2F69-41DB-94EA-0F50B4807D76}.Debug|Any CPU.ActiveCfg = Debug|Any CPU
		{2783019F-2F69-41DB-94EA-0F50B4807D76}.Debug|Any CPU.Build.0 = Debug|Any CPU
		{2783019F-2F69-41DB-94EA-0F50B4807D76}.Release|Any CPU.ActiveCfg = Release|Any CPU
		{2783019F-2F69-41DB-94EA-0F50B4807D76}.Release|Any CPU.Build.0 = Release|Any CPU
		{378E816F-1C7F-4661-8CDC-9CC645A70AED}.Debug|Any CPU.ActiveCfg = Debug|Any CPU
		{378E816F-1C7F-4661-8CDC-9CC645A70AED}.Debug|Any CPU.Build.0 = Debug|Any CPU
		{378E816F-1C7F-4661-8CDC-9CC645A70AED}.Release|Any CPU.ActiveCfg = Release|Any CPU
		{378E816F-1C7F-4661-8CDC-9CC645A70AED}.Release|Any CPU.Build.0 = Release|Any CPU
	EndGlobalSection
	GlobalSection(SolutionProperties) = preSolution
		HideSolutionNode = FALSE
	EndGlobalSection
EndGlobal
